
Microsoft Visual Studio Solution File, Format Version 12.00
# Visual Studio Version 17
VisualStudioVersion = 17.14.36327.8 d17.14
MinimumVisualStudioVersion = 10.0.40219.1
Project("{FAE04EC0-301F-11D3-BF4B-00C04F79EFBC}") = "AsyncWpfExample", "AsyncWpfExample\AsyncWpfExample.csproj", "{09FCE39B-B4A5-4C46-96E5-8638571EEE16}"
EndProject
Global
	GlobalSection(SolutionConfigurationPlatforms) = preSolution
		Debug|Any CPU = Debug|Any CPU
		Release|Any CPU = Release|Any CPU
	EndGlobalSection
	GlobalSection(ProjectConfigurationPlatforms) = postSolution
		{09FCE39B-B4A5-4C46-96E5-8638571EEE16}.Debug|Any CPU.ActiveCfg = Debug|Any CPU
		{09FCE39B-B4A5-4C46-96E5-8638571EEE16}.Debug|Any CPU.Build.0 = Debug|Any CPU
		{09FCE39B-B4A5-4C46-96E5-8638571EEE16}.Release|Any CPU.ActiveCfg = Release|Any CPU
		{09FCE39B-B4A5-4C46-96E5-8638571EEE16}.Release|Any CPU.Build.0 = Release|Any CPU
	EndGlobalSection
	GlobalSection(SolutionProperties) = preSolution
		HideSolutionNode = FALSE
	EndGlobalSection
	GlobalSection(ExtensibilityGlobals) = postSolution
		SolutionGuid = {A78CF1B2-F46D-4599-BDE2-52DDE9C6357A}
	EndGlobalSection
EndGlobal
